# This file is automatically @generated by rotriever.
# It is not intended for manual editing.
lockfile_format_version = 5
registry_index = "https://github.com/Roblox/rotriever-registry-index"

[[package]]
name = "Boolean"
version = "1.2.3"
source = "registry"
dependencies = ["Number Number 1.2.3 registry"]

[[package]]
name = "ChalkLua"
version = "0.3.0"
source = "registry"

[[package]]
name = "Collections"
version = "1.2.3"
source = "registry"
dependencies = [
    "ES7Types ES7Types 1.2.3 registry",
    "InstanceOf InstanceOf 1.2.3 registry",
]

[[package]]
name = "Console"
version = "1.2.3"
source = "registry"
dependencies = ["Collections Collections 1.2.3 registry"]

[[package]]
name = "ES7Types"
version = "1.2.3"
source = "registry"

[[package]]
name = "InstanceOf"
version = "1.2.3"
source = "registry"

[[package]]
name = "LuauPolyfill"
version = "1.2.3"
source = "registry"
dependencies = [
    "Boolean Boolean 1.2.3 registry",
    "Collections Collections 1.2.3 registry",
    "Console Console 1.2.3 registry",
    "ES7Types ES7Types 1.2.3 registry",
    "InstanceOf InstanceOf 1.2.3 registry",
    "Math Math 1.2.3 registry",
    "Number Number 1.2.3 registry",
    "String String 1.2.3 registry",
    "Symbol Symbol 1.0.0 registry",
    "Timers Timers 1.2.3 registry",
]

[[package]]
name = "Math"
version = "1.2.3"
source = "registry"

[[package]]
name = "ModuleA"
version = "0.1.0"
dependencies = ["React React 17.3.7 registry"]

[[package]]
name = "ModuleB"
version = "0.1.0"
dependencies = ["ChalkLua ChalkLua 0.3.0 registry"]

[[package]]
name = "ModuleC"
version = "0.1.0"
dependencies = ["ChalkLua ChalkLua 0.3.0 registry"]

[[package]]
name = "Number"
version = "1.2.3"
source = "registry"

[[package]]
name = "React"
version = "17.3.7"
source = "registry"
dependencies = [
    "LuauPolyfill LuauPolyfill 1.2.3 registry",
    "ReactGlobals ReactGlobals 17.3.7 registry",
    "Shared Shared 17.3.7 registry",
]

[[package]]
name = "ReactGlobals"
version = "17.3.7"
source = "registry"
dependencies = ["SafeFlags SafeFlags 0.1.1 registry"]

[[package]]
name = "SafeFlags"
version = "0.1.1"
source = "registry"

[[package]]
name = "Shared"
version = "17.3.7"
source = "registry"
dependencies = [
    "LuauPolyfill LuauPolyfill 1.2.3 registry",
    "ReactGlobals ReactGlobals 17.3.7 registry",
    "SafeFlags SafeFlags 0.1.1 registry",
]

[[package]]
name = "String"
version = "1.2.3"
source = "registry"
dependencies = [
    "ES7Types ES7Types 1.2.3 registry",
    "Number Number 1.2.3 registry",
]

[[package]]
name = "Symbol"
version = "1.0.0"
source = "registry"

[[package]]
name = "Timers"
version = "1.2.3"
source = "registry"
dependencies = ["Collections Collections 1.2.3 registry"]
